{
  "name": "src",
  "version": "1.0.0",
  "lockfileVersion": 3,
  "requires": true,
  "packages": {
    "": {
      "name": "src",
      "version": "1.0.0",
      "license": "ISC",
      "dependencies": {
        "@tbmp/mp-cloud-sdk": "1.1.4"
      }
    },
    "node_modules/@tbmp/mp-cloud-sdk": {
      "version": "1.1.4",
      "resolved": "https://registry.npm.taobao.org/@tbmp/mp-cloud-sdk/download/@tbmp/mp-cloud-sdk-1.1.4.tgz",
      "integrity": "sha1-DMuRzXfRfFLNbwyxWENoz9/Rqd0="
    }
  }
}
