# THIS IS AN AUTOGENERATED FILE. DO NOT EDIT THIS FILE DIRECTLY.
# yarn lockfile v1


"@tbmp/mp-cloud-sdk@1.1.4":
  version "1.1.4"
  resolved "https://mirrors.cloud.tencent.com/npm/@tbmp/mp-cloud-sdk/-/mp-cloud-sdk-1.1.4.tgz#0ccb91cd77d17c52cd6f0cb1584368cfdfd1a9dd"
  integrity sha512-XWigpGQaV624tDbIPg3F1dlfaSnb9V3bX5cr0tSfsJ7kUjuUvUCALH22ksydHqbeLDf2Cv8lIL9WpuU0/xWk9g==

prettier@^3.2.5:
  version "3.2.5"
  resolved "https://mirrors.cloud.tencent.com/npm/prettier/-/prettier-3.2.5.tgz#e52bc3090586e824964a8813b09aba6233b28368"
  integrity sha512-3/GWa9aOC0YeD7LUfvOG2NiDyhOWRvt1k+rcKhOuYnMY24iiCphgneUfJDyFXd6rZCAnuLBv6UeAULtrhT/F4A==
